
Microsoft Visual Studio Solution File, Format Version 12.00
# Visual Studio 2012
Project("{F2A71F9B-5D33-465A-A702-920D77279786}") = "Examen319Pregunta4", "Examen319Pregunta4\Examen319Pregunta4.fsproj", "{AC530171-8C4A-4349-98C3-A1C4CDA1E220}"
EndProject
Global
	GlobalSection(SolutionConfigurationPlatforms) = preSolution
		Debug|Any CPU = Debug|Any CPU
		Release|Any CPU = Release|Any CPU
	EndGlobalSection
	GlobalSection(ProjectConfigurationPlatforms) = postSolution
		{AC530171-8C4A-4349-98C3-A1C4CDA1E220}.Debug|Any CPU.ActiveCfg = Debug|Any CPU
		{AC530171-8C4A-4349-98C3-A1C4CDA1E220}.Debug|Any CPU.Build.0 = Debug|Any CPU
		{AC530171-8C4A-4349-98C3-A1C4CDA1E220}.Release|Any CPU.ActiveCfg = Release|Any CPU
		{AC530171-8C4A-4349-98C3-A1C4CDA1E220}.Release|Any CPU.Build.0 = Release|Any CPU
	EndGlobalSection
	GlobalSection(SolutionProperties) = preSolution
		HideSolutionNode = FALSE
	EndGlobalSection
EndGlobal
